
Microsoft Visual Studio Solution File, Format Version 12.00
# Visual Studio Version 17
VisualStudioVersion = 17.4.33122.133
MinimumVisualStudioVersion = 10.0.40219.1
Project("{FAE04EC0-301F-11D3-BF4B-00C04F79EFBC}") = "BubsPizzaria", "BubsPizzaria\BubsPizzaria.csproj", "{02FD5956-8AC9-434D-9D0C-EB7EC26D0ECB}"
EndProject
Global
	GlobalSection(SolutionConfigurationPlatforms) = preSolution
		Debug|Any CPU = Debug|Any CPU
		Release|Any CPU = Release|Any CPU
	EndGlobalSection
	GlobalSection(ProjectConfigurationPlatforms) = postSolution
		{02FD5956-8AC9-434D-9D0C-EB7EC26D0ECB}.Debug|Any CPU.ActiveCfg = Debug|Any CPU
		{02FD5956-8AC9-434D-9D0C-EB7EC26D0ECB}.Debug|Any CPU.Build.0 = Debug|Any CPU
		{02FD5956-8AC9-434D-9D0C-EB7EC26D0ECB}.Release|Any CPU.ActiveCfg = Release|Any CPU
		{02FD5956-8AC9-434D-9D0C-EB7EC26D0ECB}.Release|Any CPU.Build.0 = Release|Any CPU
	EndGlobalSection
	GlobalSection(SolutionProperties) = preSolution
		HideSolutionNode = FALSE
	EndGlobalSection
	GlobalSection(ExtensibilityGlobals) = postSolution
		SolutionGuid = {1F142B32-BDC0-4D44-B13E-6C6EAFAF6CAA}
	EndGlobalSection
EndGlobal
